
Microsoft Visual Studio Solution File, Format Version 12.00
# Visual Studio Version 16
VisualStudioVersion = 16.0.30523.141
MinimumVisualStudioVersion = 10.0.40219.1
Project("{9A19103F-16F7-4668-BE54-9A1E7A4F7556}") = "CSD412webProject", "CSD412webProject\CSD412webProject.csproj", "{D613EE19-82FE-400F-BFE6-15425B313164}"
EndProject
Global
	GlobalSection(SolutionConfigurationPlatforms) = preSolution
		Debug|Any CPU = Debug|Any CPU
		Release|Any CPU = Release|Any CPU
	EndGlobalSection
	GlobalSection(ProjectConfigurationPlatforms) = postSolution
		{D613EE19-82FE-400F-BFE6-15425B313164}.Debug|Any CPU.ActiveCfg = Debug|Any CPU
		{D613EE19-82FE-400F-BFE6-15425B313164}.Debug|Any CPU.Build.0 = Debug|Any CPU
		{D613EE19-82FE-400F-BFE6-15425B313164}.Release|Any CPU.ActiveCfg = Release|Any CPU
		{D613EE19-82FE-400F-BFE6-15425B313164}.Release|Any CPU.Build.0 = Release|Any CPU
	EndGlobalSection
	GlobalSection(SolutionProperties) = preSolution
		HideSolutionNode = FALSE
	EndGlobalSection
	GlobalSection(ExtensibilityGlobals) = postSolution
		SolutionGuid = {BB80CE07-F83A-4360-9B6F-248B80604C48}
	EndGlobalSection
EndGlobal
